
Microsoft Visual Studio Solution File, Format Version 12.00
# Visual Studio Version 16
VisualStudioVersion = 16.0.36107.64
MinimumVisualStudioVersion = 10.0.40219.1
Project("{FAE04EC0-301F-11D3-BF4B-00C04F79EFBC}") = "KillInformer", "KillInformer.csproj", "{C64B2385-CA11-426B-8AB9-3C1127266296}"
EndProject
Global
	GlobalSection(SolutionConfigurationPlatforms) = preSolution
		Debug|Any CPU = Debug|Any CPU
		Release|Any CPU = Release|Any CPU
	EndGlobalSection
	GlobalSection(ProjectConfigurationPlatforms) = postSolution
		{C64B2385-CA11-426B-8AB9-3C1127266296}.Debug|Any CPU.ActiveCfg = Debug|Any CPU
		{C64B2385-CA11-426B-8AB9-3C1127266296}.Debug|Any CPU.Build.0 = Debug|Any CPU
		{C64B2385-CA11-426B-8AB9-3C1127266296}.Release|Any CPU.ActiveCfg = Release|Any CPU
		{C64B2385-CA11-426B-8AB9-3C1127266296}.Release|Any CPU.Build.0 = Release|Any CPU
	EndGlobalSection
	GlobalSection(SolutionProperties) = preSolution
		HideSolutionNode = FALSE
	EndGlobalSection
	GlobalSection(ExtensibilityGlobals) = postSolution
		SolutionGuid = {D999E715-19BE-4772-A4FD-2D94D4576720}
	EndGlobalSection
EndGlobal
